// !$*UTF8*$!
{
	archiveVersion = 1;
	classes = {
	};
	objectVersion = 56;
	objects = {

/* Begin PBXBuildFile section */
		9816F41E2B76AD7300C8C130 /* AnythingYouWantApp.swift in Sources */ = {isa = PBXBuildFile; fileRef = 9816F41D2B76AD7300C8C130 /* AnythingYouWantApp.swift */; };
		9816F4202B76AD7300C8C130 /* ContentView.swift in Sources */ = {isa = PBXBuildFile; fileRef = 9816F41F2B76AD7300C8C130 /* ContentView.swift */; };
		9816F4222B76AD7400C8C130 /* Assets.xcassets in Resources */ = {isa = PBXBuildFile; fileRef = 9816F4212B76AD7400C8C130 /* Assets.xcassets */; };
		9816F4252B76AD7400C8C130 /* Preview Assets.xcassets in Resources */ = {isa = PBXBuildFile; fileRef = 9816F4242B76AD7400C8C130 /* Preview Assets.xcassets */; };
		9816F4302B76B2E100C8C130 /* Todolist.swift in Sources */ = {isa = PBXBuildFile; fileRef = 9816F42F2B76B2E100C8C130 /* Todolist.swift */; };
		9816F4322B76B43F00C8C130 /* DiscountCalculator.swift in Sources */ = {isa = PBXBuildFile; fileRef = 9816F4312B76B43F00C8C130 /* DiscountCalculator.swift */; };
		9816F4352B76B51200C8C130 /* HomeView.swift in Sources */ = {isa = PBXBuildFile; fileRef = 9816F4342B76B51200C8C130 /* HomeView.swift */; };
		9816F4372B76B56700C8C130 /* SettingView.swift in Sources */ = {isa = PBXBuildFile; fileRef = 9816F4362B76B56700C8C130 /* SettingView.swift */; };
		9816F4392B76B65300C8C130 /* FavouriteView.swift in Sources */ = {isa = PBXBuildFile; fileRef = 9816F4382B76B65300C8C130 /* FavouriteView.swift */; };
		9816F43C2B76B6E500C8C130 /* TabTitleView.swift in Sources */ = {isa = PBXBuildFile; fileRef = 9816F43B2B76B6E500C8C130 /* TabTitleView.swift */; };
		98681C592B77575C001705F7 /* AppModel.swift in Sources */ = {isa = PBXBuildFile; fileRef = 98681C582B77575C001705F7 /* AppModel.swift */; };
		98681C5D2B78B490001705F7 /* Spinner.swift in Sources */ = {isa = PBXBuildFile; fileRef = 98681C5C2B78B490001705F7 /* Spinner.swift */; };
		98681C612B7A3672001705F7 /* ExpenseTracker.swift in Sources */ = {isa = PBXBuildFile; fileRef = 98681C602B7A3672001705F7 /* ExpenseTracker.swift */; };
/* End PBXBuildFile section */

/* Begin PBXFileReference section */
		9816F41A2B76AD7300C8C130 /* AnythingYouWant.app */ = {isa = PBXFileReference; explicitFileType = wrapper.application; includeInIndex = 0; path = AnythingYouWant.app; sourceTree = BUILT_PRODUCTS_DIR; };
		9816F41D2B76AD7300C8C130 /* AnythingYouWantApp.swift */ = {isa = PBXFileReference; lastKnownFileType = sourcecode.swift; path = AnythingYouWantApp.swift; sourceTree = "<group>"; };
		9816F41F2B76AD7300C8C130 /* ContentView.swift */ = {isa = PBXFileReference; lastKnownFileType = sourcecode.swift; path = ContentView.swift; sourceTree = "<group>"; };
		9816F4212B76AD7400C8C130 /* Assets.xcassets */ = {isa = PBXFileReference; lastKnownFileType = folder.assetcatalog; path = Assets.xcassets; sourceTree = "<group>"; };
		9816F4242B76AD7400C8C130 /* Preview Assets.xcassets */ = {isa = PBXFileReference; lastKnownFileType = folder.assetcatalog; path = "Preview Assets.xcassets"; sourceTree = "<group>"; };
		9816F42F2B76B2E100C8C130 /* Todolist.swift */ = {isa = PBXFileReference; lastKnownFileType = sourcecode.swift; path = Todolist.swift; sourceTree = "<group>"; };
		9816F4312B76B43F00C8C130 /* DiscountCalculator.swift */ = {isa = PBXFileReference; lastKnownFileType = sourcecode.swift; path = DiscountCalculator.swift; sourceTree = "<group>"; };
		9816F4342B76B51200C8C130 /* HomeView.swift */ = {isa = PBXFileReference; lastKnownFileType = sourcecode.swift; path = HomeView.swift; sourceTree = "<group>"; };
		9816F4362B76B56700C8C130 /* SettingView.swift */ = {isa = PBXFileReference; lastKnownFileType = sourcecode.swift; path = SettingView.swift; sourceTree = "<group>"; };
		9816F4382B76B65300C8C130 /* FavouriteView.swift */ = {isa = PBXFileReference; lastKnownFileType = sourcecode.swift; path = FavouriteView.swift; sourceTree = "<group>"; };
		9816F43B2B76B6E500C8C130 /* TabTitleView.swift */ = {isa = PBXFileReference; lastKnownFileType = sourcecode.swift; path = TabTitleView.swift; sourceTree = "<group>"; };
		98681C582B77575C001705F7 /* AppModel.swift */ = {isa = PBXFileReference; lastKnownFileType = sourcecode.swift; path = AppModel.swift; sourceTree = "<group>"; };
		98681C5C2B78B490001705F7 /* Spinner.swift */ = {isa = PBXFileReference; lastKnownFileType = sourcecode.swift; path = Spinner.swift; sourceTree = "<group>"; };
		98681C602B7A3672001705F7 /* ExpenseTracker.swift */ = {isa = PBXFileReference; lastKnownFileType = sourcecode.swift; path = ExpenseTracker.swift; sourceTree = "<group>"; };
/* End PBXFileReference section */

/* Begin PBXFrameworksBuildPhase section */
		9816F4172B76AD7300C8C130 /* Frameworks */ = {
			isa = PBXFrameworksBuildPhase;
			buildActionMask = 2147483647;
			files = (
			);
			runOnlyForDeploymentPostprocessing = 0;
		};
/* End PBXFrameworksBuildPhase section */

/* Begin PBXGroup section */
		9816F4112B76AD7300C8C130 = {
			isa = PBXGroup;
			children = (
				9816F41C2B76AD7300C8C130 /* AnythingYouWant */,
				9816F41B2B76AD7300C8C130 /* Products */,
			);
			sourceTree = "<group>";
		};
		9816F41B2B76AD7300C8C130 /* Products */ = {
			isa = PBXGroup;
			children = (
				9816F41A2B76AD7300C8C130 /* AnythingYouWant.app */,
			);
			name = Products;
			sourceTree = "<group>";
		};
		9816F41C2B76AD7300C8C130 /* AnythingYouWant */ = {
			isa = PBXGroup;
			children = (
				9816F41D2B76AD7300C8C130 /* AnythingYouWantApp.swift */,
				9816F41F2B76AD7300C8C130 /* ContentView.swift */,
				9816F4332B76B50600C8C130 /* View */,
				9816F42E2B76B2D500C8C130 /* Apps */,
				9816F42B2B76AF6300C8C130 /* Model */,
				9816F4212B76AD7400C8C130 /* Assets.xcassets */,
				9816F4232B76AD7400C8C130 /* Preview Content */,
			);
			path = AnythingYouWant;
			sourceTree = "<group>";
		};
		9816F4232B76AD7400C8C130 /* Preview Content */ = {
			isa = PBXGroup;
			children = (
				9816F4242B76AD7400C8C130 /* Preview Assets.xcassets */,
			);
			path = "Preview Content";
			sourceTree = "<group>";
		};
		9816F42B2B76AF6300C8C130 /* Model */ = {
			isa = PBXGroup;
			children = (
				98681C582B77575C001705F7 /* AppModel.swift */,
			);
			path = Model;
			sourceTree = "<group>";
		};
		9816F42E2B76B2D500C8C130 /* Apps */ = {
			isa = PBXGroup;
			children = (
				9816F42F2B76B2E100C8C130 /* Todolist.swift */,
				9816F4312B76B43F00C8C130 /* DiscountCalculator.swift */,
				98681C5C2B78B490001705F7 /* Spinner.swift */,
				98681C602B7A3672001705F7 /* ExpenseTracker.swift */,
			);
			path = Apps;
			sourceTree = "<group>";
		};
		9816F4332B76B50600C8C130 /* View */ = {
			isa = PBXGroup;
			children = (
				9816F43B2B76B6E500C8C130 /* TabTitleView.swift */,
				9816F4342B76B51200C8C130 /* HomeView.swift */,
				9816F4382B76B65300C8C130 /* FavouriteView.swift */,
				9816F4362B76B56700C8C130 /* SettingView.swift */,
			);
			path = View;
			sourceTree = "<group>";
		};
/* End PBXGroup section */

/* Begin PBXNativeTarget section */
		9816F4192B76AD7300C8C130 /* AnythingYouWant */ = {
			isa = PBXNativeTarget;
			buildConfigurationList = 9816F4282B76AD7400C8C130 /* Build configuration list for PBXNativeTarget "AnythingYouWant" */;
			buildPhases = (
				9816F4162B76AD7300C8C130 /* Sources */,
				9816F4172B76AD7300C8C130 /* Frameworks */,
				9816F4182B76AD7300C8C130 /* Resources */,
			);
			buildRules = (
			);
			dependencies = (
			);
			name = AnythingYouWant;
			productName = AnythingYouWant;
			productReference = 9816F41A2B76AD7300C8C130 /* AnythingYouWant.app */;
			productType = "com.apple.product-type.application";
		};
/* End PBXNativeTarget section */

/* Begin PBXProject section */
		9816F4122B76AD7300C8C130 /* Project object */ = {
			isa = PBXProject;
			attributes = {
				BuildIndependentTargetsInParallel = 1;
				LastSwiftUpdateCheck = 1500;
				LastUpgradeCheck = 1500;
				TargetAttributes = {
					9816F4192B76AD7300C8C130 = {
						CreatedOnToolsVersion = 15.0.1;
					};
				};
			};
			buildConfigurationList = 9816F4152B76AD7300C8C130 /* Build configuration list for PBXProject "AnythingYouWant" */;
			compatibilityVersion = "Xcode 14.0";
			developmentRegion = en;
			hasScannedForEncodings = 0;
			knownRegions = (
				en,
				Base,
			);
			mainGroup = 9816F4112B76AD7300C8C130;
			productRefGroup = 9816F41B2B76AD7300C8C130 /* Products */;
			projectDirPath = "";
			projectRoot = "";
			targets = (
				9816F4192B76AD7300C8C130 /* AnythingYouWant */,
			);
		};
/* End PBXProject section */

/* Begin PBXResourcesBuildPhase section */
		9816F4182B76AD7300C8C130 /* Resources */ = {
			isa = PBXResourcesBuildPhase;
			buildActionMask = 2147483647;
			files = (
				9816F4252B76AD7400C8C130 /* Preview Assets.xcassets in Resources */,
				9816F4222B76AD7400C8C130 /* Assets.xcassets in Resources */,
			);
			runOnlyForDeploymentPostprocessing = 0;
		};
/* End PBXResourcesBuildPhase section */

/* Begin PBXSourcesBuildPhase section */
		9816F4162B76AD7300C8C130 /* Sources */ = {
			isa = PBXSourcesBuildPhase;
			buildActionMask = 2147483647;
			files = (
				9816F4202B76AD7300C8C130 /* ContentView.swift in Sources */,
				9816F4322B76B43F00C8C130 /* DiscountCalculator.swift in Sources */,
				98681C592B77575C001705F7 /* AppModel.swift in Sources */,
				9816F4372B76B56700C8C130 /* SettingView.swift in Sources */,
				98681C612B7A3672001705F7 /* ExpenseTracker.swift in Sources */,
				9816F4352B76B51200C8C130 /* HomeView.swift in Sources */,
				9816F41E2B76AD7300C8C130 /* AnythingYouWantApp.swift in Sources */,
				9816F4392B76B65300C8C130 /* FavouriteView.swift in Sources */,
				9816F43C2B76B6E500C8C130 /* TabTitleView.swift in Sources */,
				9816F4302B76B2E100C8C130 /* Todolist.swift in Sources */,
				98681C5D2B78B490001705F7 /* Spinner.swift in Sources */,
			);
			runOnlyForDeploymentPostprocessing = 0;
		};
/* End PBXSourcesBuildPhase section */

/* Begin XCBuildConfiguration section */
		9816F4262B76AD7400C8C130 /* Debug */ = {
			isa = XCBuildConfiguration;
			buildSettings = {
				ALWAYS_SEARCH_USER_PATHS = NO;
				ASSETCATALOG_COMPILER_GENERATE_SWIFT_ASSET_SYMBOL_EXTENSIONS = YES;
				CLANG_ANALYZER_NONNULL = YES;
				CLANG_ANALYZER_NUMBER_OBJECT_CONVERSION = YES_AGGRESSIVE;
				CLANG_CXX_LANGUAGE_STANDARD = "gnu++20";
				CLANG_ENABLE_MODULES = YES;
				CLANG_ENABLE_OBJC_ARC = YES;
				CLANG_ENABLE_OBJC_WEAK = YES;
				CLANG_WARN_BLOCK_CAPTURE_AUTORELEASING = YES;
				CLANG_WARN_BOOL_CONVERSION = YES;
				CLANG_WARN_COMMA = YES;
				CLANG_WARN_CONSTANT_CONVERSION = YES;
				CLANG_WARN_DEPRECATED_OBJC_IMPLEMENTATIONS = YES;
				CLANG_WARN_DIRECT_OBJC_ISA_USAGE = YES_ERROR;
				CLANG_WARN_DOCUMENTATION_COMMENTS = YES;
				CLANG_WARN_EMPTY_BODY = YES;
				CLANG_WARN_ENUM_CONVERSION = YES;
				CLANG_WARN_INFINITE_RECURSION = YES;
				CLANG_WARN_INT_CONVERSION = YES;
				CLANG_WARN_NON_LITERAL_NULL_CONVERSION = YES;
				CLANG_WARN_OBJC_IMPLICIT_RETAIN_SELF = YES;
				CLANG_WARN_OBJC_LITERAL_CONVERSION = YES;
				CLANG_WARN_OBJC_ROOT_CLASS = YES_ERROR;
				CLANG_WARN_QUOTED_INCLUDE_IN_FRAMEWORK_HEADER = YES;
				CLANG_WARN_RANGE_LOOP_ANALYSIS = YES;
				CLANG_WARN_STRICT_PROTOTYPES = YES;
				CLANG_WARN_SUSPICIOUS_MOVE = YES;
				CLANG_WARN_UNGUARDED_AVAILABILITY = YES_AGGRESSIVE;
				CLANG_WARN_UNREACHABLE_CODE = YES;
				CLANG_WARN__DUPLICATE_METHOD_MATCH = YES;
				COPY_PHASE_STRIP = NO;
				DEBUG_INFORMATION_FORMAT = dwarf;
				ENABLE_STRICT_OBJC_MSGSEND = YES;
				ENABLE_TESTABILITY = YES;
				ENABLE_USER_SCRIPT_SANDBOXING = YES;
				GCC_C_LANGUAGE_STANDARD = gnu17;
				GCC_DYNAMIC_NO_PIC = NO;
				GCC_NO_COMMON_BLOCKS = YES;
				GCC_OPTIMIZATION_LEVEL = 0;
				GCC_PREPROCESSOR_DEFINITIONS = (
					"DEBUG=1",
					"$(inherited)",
				);
				GCC_WARN_64_TO_32_BIT_CONVERSION = YES;
				GCC_WARN_ABOUT_RETURN_TYPE = YES_ERROR;
				GCC_WARN_UNDECLARED_SELECTOR = YES;
				GCC_WARN_UNINITIALIZED_AUTOS = YES_AGGRESSIVE;
				GCC_WARN_UNUSED_FUNCTION = YES;
				GCC_WARN_UNUSED_VARIABLE = YES;
				IPHONEOS_DEPLOYMENT_TARGET = 17.0;
				LOCALIZATION_PREFERS_STRING_CATALOGS = YES;
				MTL_ENABLE_DEBUG_INFO = INCLUDE_SOURCE;
				MTL_FAST_MATH = YES;
				ONLY_ACTIVE_ARCH = YES;
				SDKROOT = iphoneos;
				SWIFT_ACTIVE_COMPILATION_CONDITIONS = "DEBUG $(inherited)";
				SWIFT_OPTIMIZATION_LEVEL = "-Onone";
			};
			name = Debug;
		};
		9816F4272B76AD7400C8C130 /* Release */ = {
			isa = XCBuildConfiguration;
			buildSettings = {
				ALWAYS_SEARCH_USER_PATHS = NO;
				ASSETCATALOG_COMPILER_GENERATE_SWIFT_ASSET_SYMBOL_EXTENSIONS = YES;
				CLANG_ANALYZER_NONNULL = YES;
				CLANG_ANALYZER_NUMBER_OBJECT_CONVERSION = YES_AGGRESSIVE;
				CLANG_CXX_LANGUAGE_STANDARD = "gnu++20";
				CLANG_ENABLE_MODULES = YES;
				CLANG_ENABLE_OBJC_ARC = YES;
				CLANG_ENABLE_OBJC_WEAK = YES;
				CLANG_WARN_BLOCK_CAPTURE_AUTORELEASING = YES;
				CLANG_WARN_BOOL_CONVERSION = YES;
				CLANG_WARN_COMMA = YES;
				CLANG_WARN_CONSTANT_CONVERSION = YES;
				CLANG_WARN_DEPRECATED_OBJC_IMPLEMENTATIONS = YES;
				CLANG_WARN_DIRECT_OBJC_ISA_USAGE = YES_ERROR;
				CLANG_WARN_DOCUMENTATION_COMMENTS = YES;
				CLANG_WARN_EMPTY_BODY = YES;
				CLANG_WARN_ENUM_CONVERSION = YES;
				CLANG_WARN_INFINITE_RECURSION = YES;
				CLANG_WARN_INT_CONVERSION = YES;
				CLANG_WARN_NON_LITERAL_NULL_CONVERSION = YES;
				CLANG_WARN_OBJC_IMPLICIT_RETAIN_SELF = YES;
				CLANG_WARN_OBJC_LITERAL_CONVERSION = YES;
				CLANG_WARN_OBJC_ROOT_CLASS = YES_ERROR;
				CLANG_WARN_QUOTED_INCLUDE_IN_FRAMEWORK_HEADER = YES;
				CLANG_WARN_RANGE_LOOP_ANALYSIS = YES;
				CLANG_WARN_STRICT_PROTOTYPES = YES;
				CLANG_WARN_SUSPICIOUS_MOVE = YES;
				CLANG_WARN_UNGUARDED_AVAILABILITY = YES_AGGRESSIVE;
				CLANG_WARN_UNREACHABLE_CODE = YES;
				CLANG_WARN__DUPLICATE_METHOD_MATCH = YES;
				COPY_PHASE_STRIP = NO;
				DEBUG_INFORMATION_FORMAT = "dwarf-with-dsym";
				ENABLE_NS_ASSERTIONS = NO;
				ENABLE_STRICT_OBJC_MSGSEND = YES;
				ENABLE_USER_SCRIPT_SANDBOXING = YES;
				GCC_C_LANGUAGE_STANDARD = gnu17;
				GCC_NO_COMMON_BLOCKS = YES;
				GCC_WARN_64_TO_32_BIT_CONVERSION = YES;
				GCC_WARN_ABOUT_RETURN_TYPE = YES_ERROR;
				GCC_WARN_UNDECLARED_SELECTOR = YES;
				GCC_WARN_UNINITIALIZED_AUTOS = YES_AGGRESSIVE;
				GCC_WARN_UNUSED_FUNCTION = YES;
				GCC_WARN_UNUSED_VARIABLE = YES;
				IPHONEOS_DEPLOYMENT_TARGET = 17.0;
				LOCALIZATION_PREFERS_STRING_CATALOGS = YES;
				MTL_ENABLE_DEBUG_INFO = NO;
				MTL_FAST_MATH = YES;
				SDKROOT = iphoneos;
				SWIFT_COMPILATION_MODE = wholemodule;
				VALIDATE_PRODUCT = YES;
			};
			name = Release;
		};
		9816F4292B76AD7400C8C130 /* Debug */ = {
			isa = XCBuildConfiguration;
			buildSettings = {
				ASSETCATALOG_COMPILER_APPICON_NAME = AppIcon;
				ASSETCATALOG_COMPILER_GLOBAL_ACCENT_COLOR_NAME = AccentColor;
				CODE_SIGN_STYLE = Automatic;
				CURRENT_PROJECT_VERSION = 1;
				DEVELOPMENT_ASSET_PATHS = "\"AnythingYouWant/Preview Content\"";
				DEVELOPMENT_TEAM = 252NM3VRKA;
				ENABLE_PREVIEWS = YES;
				GENERATE_INFOPLIST_FILE = YES;
				INFOPLIST_KEY_UIApplicationSceneManifest_Generation = YES;
				INFOPLIST_KEY_UIApplicationSupportsIndirectInputEvents = YES;
				INFOPLIST_KEY_UILaunchScreen_Generation = YES;
				INFOPLIST_KEY_UISupportedInterfaceOrientations_iPad = "UIInterfaceOrientationPortrait UIInterfaceOrientationPortraitUpsideDown UIInterfaceOrientationLandscapeLeft UIInterfaceOrientationLandscapeRight";
				INFOPLIST_KEY_UISupportedInterfaceOrientations_iPhone = "UIInterfaceOrientationPortrait UIInterfaceOrientationLandscapeLeft UIInterfaceOrientationLandscapeRight";
				LD_RUNPATH_SEARCH_PATHS = (
					"$(inherited)",
					"@executable_path/Frameworks",
				);
				MARKETING_VERSION = 1.0;
				PRODUCT_BUNDLE_IDENTIFIER = com.dimasgusticode.AnythingYouWant;
				PRODUCT_NAME = "$(TARGET_NAME)";
				SWIFT_EMIT_LOC_STRINGS = YES;
				SWIFT_VERSION = 5.0;
				TARGETED_DEVICE_FAMILY = "1,2";
			};
			name = Debug;
		};
		9816F42A2B76AD7400C8C130 /* Release */ = {
			isa = XCBuildConfiguration;
			buildSettings = {
				ASSETCATALOG_COMPILER_APPICON_NAME = AppIcon;
				ASSETCATALOG_COMPILER_GLOBAL_ACCENT_COLOR_NAME = AccentColor;
				CODE_SIGN_STYLE = Automatic;
				CURRENT_PROJECT_VERSION = 1;
				DEVELOPMENT_ASSET_PATHS = "\"AnythingYouWant/Preview Content\"";
				DEVELOPMENT_TEAM = 252NM3VRKA;
				ENABLE_PREVIEWS = YES;
				GENERATE_INFOPLIST_FILE = YES;
				INFOPLIST_KEY_UIApplicationSceneManifest_Generation = YES;
				INFOPLIST_KEY_UIApplicationSupportsIndirectInputEvents = YES;
				INFOPLIST_KEY_UILaunchScreen_Generation = YES;
				INFOPLIST_KEY_UISupportedInterfaceOrientations_iPad = "UIInterfaceOrientationPortrait UIInterfaceOrientationPortraitUpsideDown UIInterfaceOrientationLandscapeLeft UIInterfaceOrientationLandscapeRight";
				INFOPLIST_KEY_UISupportedInterfaceOrientations_iPhone = "UIInterfaceOrientationPortrait UIInterfaceOrientationLandscapeLeft UIInterfaceOrientationLandscapeRight";
				LD_RUNPATH_SEARCH_PATHS = (
					"$(inherited)",
					"@executable_path/Frameworks",
				);
				MARKETING_VERSION = 1.0;
				PRODUCT_BUNDLE_IDENTIFIER = com.dimasgusticode.AnythingYouWant;
				PRODUCT_NAME = "$(TARGET_NAME)";
				SWIFT_EMIT_LOC_STRINGS = YES;
				SWIFT_VERSION = 5.0;
				TARGETED_DEVICE_FAMILY = "1,2";
			};
			name = Release;
		};
/* End XCBuildConfiguration section */

/* Begin XCConfigurationList section */
		9816F4152B76AD7300C8C130 /* Build configuration list for PBXProject "AnythingYouWant" */ = {
			isa = XCConfigurationList;
			buildConfigurations = (
				9816F4262B76AD7400C8C130 /* Debug */,
				9816F4272B76AD7400C8C130 /* Release */,
			);
			defaultConfigurationIsVisible = 0;
			defaultConfigurationName = Release;
		};
		9816F4282B76AD7400C8C130 /* Build configuration list for PBXNativeTarget "AnythingYouWant" */ = {
			isa = XCConfigurationList;
			buildConfigurations = (
				9816F4292B76AD7400C8C130 /* Debug */,
				9816F42A2B76AD7400C8C130 /* Release */,
			);
			defaultConfigurationIsVisible = 0;
			defaultConfigurationName = Release;
		};
/* End XCConfigurationList section */
	};
	rootObject = 9816F4122B76AD7300C8C130 /* Project object */;
}
